
Microsoft Visual Studio Solution File, Format Version 12.00
# Visual Studio Version 16
VisualStudioVersion = 16.0.31321.278
MinimumVisualStudioVersion = 10.0.40219.1
Project("{FAE04EC0-301F-11D3-BF4B-00C04F79EFBC}") = "p2_Depth", "p2_Depth\p2_Depth.csproj", "{0CC43C78-74CE-4AAF-8BF3-AC8BCBF1BF91}"
EndProject
Global
	GlobalSection(SolutionConfigurationPlatforms) = preSolution
		Debug|Any CPU = Debug|Any CPU
		Release|Any CPU = Release|Any CPU
	EndGlobalSection
	GlobalSection(ProjectConfigurationPlatforms) = postSolution
		{0CC43C78-74CE-4AAF-8BF3-AC8BCBF1BF91}.Debug|Any CPU.ActiveCfg = Debug|Any CPU
		{0CC43C78-74CE-4AAF-8BF3-AC8BCBF1BF91}.Debug|Any CPU.Build.0 = Debug|Any CPU
		{0CC43C78-74CE-4AAF-8BF3-AC8BCBF1BF91}.Release|Any CPU.ActiveCfg = Release|Any CPU
		{0CC43C78-74CE-4AAF-8BF3-AC8BCBF1BF91}.Release|Any CPU.Build.0 = Release|Any CPU
	EndGlobalSection
	GlobalSection(SolutionProperties) = preSolution
		HideSolutionNode = FALSE
	EndGlobalSection
	GlobalSection(ExtensibilityGlobals) = postSolution
		SolutionGuid = {7971795A-C776-4B85-975A-ADD1A2B31471}
	EndGlobalSection
EndGlobal
