
Microsoft Visual Studio Solution File, Format Version 12.00
# Visual Studio Version 16
VisualStudioVersion = 16.0.31205.134
MinimumVisualStudioVersion = 10.0.40219.1
Project("{FAE04EC0-301F-11D3-BF4B-00C04F79EFBC}") = "KinectPractice", "KinectPractice.csproj", "{9137334B-8D34-4452-9B9F-5B6A9DB6A8C3}"
EndProject
Global
	GlobalSection(SolutionConfigurationPlatforms) = preSolution
		Debug|Any CPU = Debug|Any CPU
		Release|Any CPU = Release|Any CPU
	EndGlobalSection
	GlobalSection(ProjectConfigurationPlatforms) = postSolution
		{9137334B-8D34-4452-9B9F-5B6A9DB6A8C3}.Debug|Any CPU.ActiveCfg = Debug|Any CPU
		{9137334B-8D34-4452-9B9F-5B6A9DB6A8C3}.Debug|Any CPU.Build.0 = Debug|Any CPU
		{9137334B-8D34-4452-9B9F-5B6A9DB6A8C3}.Release|Any CPU.ActiveCfg = Release|Any CPU
		{9137334B-8D34-4452-9B9F-5B6A9DB6A8C3}.Release|Any CPU.Build.0 = Release|Any CPU
	EndGlobalSection
	GlobalSection(SolutionProperties) = preSolution
		HideSolutionNode = FALSE
	EndGlobalSection
	GlobalSection(ExtensibilityGlobals) = postSolution
		SolutionGuid = {8424D7DE-248E-4C7A-BF1C-089BCD47F417}
	EndGlobalSection
EndGlobal
