
Microsoft Visual Studio Solution File, Format Version 12.00
# Visual Studio Version 16
VisualStudioVersion = 16.0.31321.278
MinimumVisualStudioVersion = 10.0.40219.1
Project("{FAE04EC0-301F-11D3-BF4B-00C04F79EFBC}") = "p4_CoordinateMapping", "p4_CoordinateMapping\p4_CoordinateMapping.csproj", "{3228B704-E8F4-4844-B161-475E4D257445}"
EndProject
Global
	GlobalSection(SolutionConfigurationPlatforms) = preSolution
		Debug|Any CPU = Debug|Any CPU
		Release|Any CPU = Release|Any CPU
	EndGlobalSection
	GlobalSection(ProjectConfigurationPlatforms) = postSolution
		{3228B704-E8F4-4844-B161-475E4D257445}.Debug|Any CPU.ActiveCfg = Debug|Any CPU
		{3228B704-E8F4-4844-B161-475E4D257445}.Debug|Any CPU.Build.0 = Debug|Any CPU
		{3228B704-E8F4-4844-B161-475E4D257445}.Release|Any CPU.ActiveCfg = Release|Any CPU
		{3228B704-E8F4-4844-B161-475E4D257445}.Release|Any CPU.Build.0 = Release|Any CPU
	EndGlobalSection
	GlobalSection(SolutionProperties) = preSolution
		HideSolutionNode = FALSE
	EndGlobalSection
	GlobalSection(ExtensibilityGlobals) = postSolution
		SolutionGuid = {6D7CC2C7-E1DA-4856-AD5F-B2D943C077B1}
	EndGlobalSection
EndGlobal
