
Microsoft Visual Studio Solution File, Format Version 12.00
# Visual Studio Version 16
VisualStudioVersion = 16.0.31321.278
MinimumVisualStudioVersion = 10.0.40219.1
Project("{FAE04EC0-301F-11D3-BF4B-00C04F79EFBC}") = "p3_BodyIndex", "p3_BodyIndex\p3_BodyIndex.csproj", "{EFCBE520-8F57-42A4-B24E-A258B4283900}"
EndProject
Global
	GlobalSection(SolutionConfigurationPlatforms) = preSolution
		Debug|Any CPU = Debug|Any CPU
		Release|Any CPU = Release|Any CPU
	EndGlobalSection
	GlobalSection(ProjectConfigurationPlatforms) = postSolution
		{EFCBE520-8F57-42A4-B24E-A258B4283900}.Debug|Any CPU.ActiveCfg = Debug|Any CPU
		{EFCBE520-8F57-42A4-B24E-A258B4283900}.Debug|Any CPU.Build.0 = Debug|Any CPU
		{EFCBE520-8F57-42A4-B24E-A258B4283900}.Release|Any CPU.ActiveCfg = Release|Any CPU
		{EFCBE520-8F57-42A4-B24E-A258B4283900}.Release|Any CPU.Build.0 = Release|Any CPU
	EndGlobalSection
	GlobalSection(SolutionProperties) = preSolution
		HideSolutionNode = FALSE
	EndGlobalSection
	GlobalSection(ExtensibilityGlobals) = postSolution
		SolutionGuid = {303A1F7B-2AC7-4E68-A676-D47A0E7DE0A2}
	EndGlobalSection
EndGlobal
